// !$*UTF8*$!
{
	archiveVersion = 1;
	classes = {
	};
	objectVersion = 56;
	objects = {

/* Begin PBXBuildFile section */
		F6E2A71829E6E26F0096673D /* IIM2bisApp.swift in Sources */ = {isa = PBXBuildFile; fileRef = F6E2A71729E6E26F0096673D /* IIM2bisApp.swift */; };
		F6E2A71A29E6E26F0096673D /* ContentView.swift in Sources */ = {isa = PBXBuildFile; fileRef = F6E2A71929E6E26F0096673D /* ContentView.swift */; };
		F6E2A71C29E6E2730096673D /* Assets.xcassets in Resources */ = {isa = PBXBuildFile; fileRef = F6E2A71B29E6E2730096673D /* Assets.xcassets */; };
		F6E2A72029E6E2730096673D /* Preview Assets.xcassets in Resources */ = {isa = PBXBuildFile; fileRef = F6E2A71F29E6E2730096673D /* Preview Assets.xcassets */; };
		F6E2A72A29E6E2730096673D /* IIM2bisTests.swift in Sources */ = {isa = PBXBuildFile; fileRef = F6E2A72929E6E2730096673D /* IIM2bisTests.swift */; };
		F6E2A73429E6E2740096673D /* IIM2bisUITests.swift in Sources */ = {isa = PBXBuildFile; fileRef = F6E2A73329E6E2740096673D /* IIM2bisUITests.swift */; };
		F6E2A73629E6E2740096673D /* IIM2bisUITestsLaunchTests.swift in Sources */ = {isa = PBXBuildFile; fileRef = F6E2A73529E6E2740096673D /* IIM2bisUITestsLaunchTests.swift */; };
/* End PBXBuildFile section */

/* Begin PBXContainerItemProxy section */
		F6E2A72629E6E2730096673D /* PBXContainerItemProxy */ = {
			isa = PBXContainerItemProxy;
			containerPortal = F6E2A70C29E6E26F0096673D /* Project object */;
			proxyType = 1;
			remoteGlobalIDString = F6E2A71329E6E26F0096673D;
			remoteInfo = IIM2bis;
		};
		F6E2A73029E6E2740096673D /* PBXContainerItemProxy */ = {
			isa = PBXContainerItemProxy;
			containerPortal = F6E2A70C29E6E26F0096673D /* Project object */;
			proxyType = 1;
			remoteGlobalIDString = F6E2A71329E6E26F0096673D;
			remoteInfo = IIM2bis;
		};
/* End PBXContainerItemProxy section */

/* Begin PBXFileReference section */
		F6E2A71429E6E26F0096673D /* IIM2bis.app */ = {isa = PBXFileReference; explicitFileType = wrapper.application; includeInIndex = 0; path = IIM2bis.app; sourceTree = BUILT_PRODUCTS_DIR; };
		F6E2A71729E6E26F0096673D /* IIM2bisApp.swift */ = {isa = PBXFileReference; lastKnownFileType = sourcecode.swift; path = IIM2bisApp.swift; sourceTree = "<group>"; };
		F6E2A71929E6E26F0096673D /* ContentView.swift */ = {isa = PBXFileReference; lastKnownFileType = sourcecode.swift; path = ContentView.swift; sourceTree = "<group>"; };
		F6E2A71B29E6E2730096673D /* Assets.xcassets */ = {isa = PBXFileReference; lastKnownFileType = folder.assetcatalog; path = Assets.xcassets; sourceTree = "<group>"; };
		F6E2A71D29E6E2730096673D /* IIM2bis.entitlements */ = {isa = PBXFileReference; lastKnownFileType = text.plist.entitlements; path = IIM2bis.entitlements; sourceTree = "<group>"; };
		F6E2A71F29E6E2730096673D /* Preview Assets.xcassets */ = {isa = PBXFileReference; lastKnownFileType = folder.assetcatalog; path = "Preview Assets.xcassets"; sourceTree = "<group>"; };
		F6E2A72529E6E2730096673D /* IIM2bisTests.xctest */ = {isa = PBXFileReference; explicitFileType = wrapper.cfbundle; includeInIndex = 0; path = IIM2bisTests.xctest; sourceTree = BUILT_PRODUCTS_DIR; };
		F6E2A72929E6E2730096673D /* IIM2bisTests.swift */ = {isa = PBXFileReference; lastKnownFileType = sourcecode.swift; path = IIM2bisTests.swift; sourceTree = "<group>"; };
		F6E2A72F29E6E2730096673D /* IIM2bisUITests.xctest */ = {isa = PBXFileReference; explicitFileType = wrapper.cfbundle; includeInIndex = 0; path = IIM2bisUITests.xctest; sourceTree = BUILT_PRODUCTS_DIR; };
		F6E2A73329E6E2740096673D /* IIM2bisUITests.swift */ = {isa = PBXFileReference; lastKnownFileType = sourcecode.swift; path = IIM2bisUITests.swift; sourceTree = "<group>"; };
		F6E2A73529E6E2740096673D /* IIM2bisUITestsLaunchTests.swift */ = {isa = PBXFileReference; lastKnownFileType = sourcecode.swift; path = IIM2bisUITestsLaunchTests.swift; sourceTree = "<group>"; };
/* End PBXFileReference section */

/* Begin PBXFrameworksBuildPhase section */
		F6E2A71129E6E26F0096673D /* Frameworks */ = {
			isa = PBXFrameworksBuildPhase;
			buildActionMask = 2147483647;
			files = (
			);
			runOnlyForDeploymentPostprocessing = 0;
		};
		F6E2A72229E6E2730096673D /* Frameworks */ = {
			isa = PBXFrameworksBuildPhase;
			buildActionMask = 2147483647;
			files = (
			);
			runOnlyForDeploymentPostprocessing = 0;
		};
		F6E2A72C29E6E2730096673D /* Frameworks */ = {
			isa = PBXFrameworksBuildPhase;
			buildActionMask = 2147483647;
			files = (
			);
			runOnlyForDeploymentPostprocessing = 0;
		};
/* End PBXFrameworksBuildPhase section */

/* Begin PBXGroup section */
		F6E2A70B29E6E26F0096673D = {
			isa = PBXGroup;
			children = (
				F6E2A71629E6E26F0096673D /* IIM2bis */,
				F6E2A72829E6E2730096673D /* IIM2bisTests */,
				F6E2A73229E6E2740096673D /* IIM2bisUITests */,
				F6E2A71529E6E26F0096673D /* Products */,
			);
			sourceTree = "<group>";
		};
		F6E2A71529E6E26F0096673D /* Products */ = {
			isa = PBXGroup;
			children = (
				F6E2A71429E6E26F0096673D /* IIM2bis.app */,
				F6E2A72529E6E2730096673D /* IIM2bisTests.xctest */,
				F6E2A72F29E6E2730096673D /* IIM2bisUITests.xctest */,
			);
			name = Products;
			sourceTree = "<group>";
		};
		F6E2A71629E6E26F0096673D /* IIM2bis */ = {
			isa = PBXGroup;
			children = (
				F6E2A71729E6E26F0096673D /* IIM2bisApp.swift */,
				F6E2A71929E6E26F0096673D /* ContentView.swift */,
				F6E2A71B29E6E2730096673D /* Assets.xcassets */,
				F6E2A71D29E6E2730096673D /* IIM2bis.entitlements */,
				F6E2A71E29E6E2730096673D /* Preview Content */,
			);
			path = IIM2bis;
			sourceTree = "<group>";
		};
		F6E2A71E29E6E2730096673D /* Preview Content */ = {
			isa = PBXGroup;
			children = (
				F6E2A71F29E6E2730096673D /* Preview Assets.xcassets */,
			);
			path = "Preview Content";
			sourceTree = "<group>";
		};
		F6E2A72829E6E2730096673D /* IIM2bisTests */ = {
			isa = PBXGroup;
			children = (
				F6E2A72929E6E2730096673D /* IIM2bisTests.swift */,
			);
			path = IIM2bisTests;
			sourceTree = "<group>";
		};
		F6E2A73229E6E2740096673D /* IIM2bisUITests */ = {
			isa = PBXGroup;
			children = (
				F6E2A73329E6E2740096673D /* IIM2bisUITests.swift */,
				F6E2A73529E6E2740096673D /* IIM2bisUITestsLaunchTests.swift */,
			);
			path = IIM2bisUITests;
			sourceTree = "<group>";
		};
/* End PBXGroup section */

/* Begin PBXNativeTarget section */
		F6E2A71329E6E26F0096673D /* IIM2bis */ = {
			isa = PBXNativeTarget;
			buildConfigurationList = F6E2A73929E6E2740096673D /* Build configuration list for PBXNativeTarget "IIM2bis" */;
			buildPhases = (
				F6E2A71029E6E26F0096673D /* Sources */,
				F6E2A71129E6E26F0096673D /* Frameworks */,
				F6E2A71229E6E26F0096673D /* Resources */,
			);
			buildRules = (
			);
			dependencies = (
			);
			name = IIM2bis;
			productName = IIM2bis;
			productReference = F6E2A71429E6E26F0096673D /* IIM2bis.app */;
			productType = "com.apple.product-type.application";
		};
		F6E2A72429E6E2730096673D /* IIM2bisTests */ = {
			isa = PBXNativeTarget;
			buildConfigurationList = F6E2A73C29E6E2740096673D /* Build configuration list for PBXNativeTarget "IIM2bisTests" */;
			buildPhases = (
				F6E2A72129E6E2730096673D /* Sources */,
				F6E2A72229E6E2730096673D /* Frameworks */,
				F6E2A72329E6E2730096673D /* Resources */,
			);
			buildRules = (
			);
			dependencies = (
				F6E2A72729E6E2730096673D /* PBXTargetDependency */,
			);
			name = IIM2bisTests;
			productName = IIM2bisTests;
			productReference = F6E2A72529E6E2730096673D /* IIM2bisTests.xctest */;
			productType = "com.apple.product-type.bundle.unit-test";
		};
		F6E2A72E29E6E2730096673D /* IIM2bisUITests */ = {
			isa = PBXNativeTarget;
			buildConfigurationList = F6E2A73F29E6E2740096673D /* Build configuration list for PBXNativeTarget "IIM2bisUITests" */;
			buildPhases = (
				F6E2A72B29E6E2730096673D /* Sources */,
				F6E2A72C29E6E2730096673D /* Frameworks */,
				F6E2A72D29E6E2730096673D /* Resources */,
			);
			buildRules = (
			);
			dependencies = (
				F6E2A73129E6E2740096673D /* PBXTargetDependency */,
			);
			name = IIM2bisUITests;
			productName = IIM2bisUITests;
			productReference = F6E2A72F29E6E2730096673D /* IIM2bisUITests.xctest */;
			productType = "com.apple.product-type.bundle.ui-testing";
		};
/* End PBXNativeTarget section */

/* Begin PBXProject section */
		F6E2A70C29E6E26F0096673D /* Project object */ = {
			isa = PBXProject;
			attributes = {
				BuildIndependentTargetsInParallel = 1;
				LastSwiftUpdateCheck = 1420;
				LastUpgradeCheck = 1420;
				TargetAttributes = {
					F6E2A71329E6E26F0096673D = {
						CreatedOnToolsVersion = 14.2;
					};
					F6E2A72429E6E2730096673D = {
						CreatedOnToolsVersion = 14.2;
						TestTargetID = F6E2A71329E6E26F0096673D;
					};
					F6E2A72E29E6E2730096673D = {
						CreatedOnToolsVersion = 14.2;
						TestTargetID = F6E2A71329E6E26F0096673D;
					};
				};
			};
			buildConfigurationList = F6E2A70F29E6E26F0096673D /* Build configuration list for PBXProject "IIM2bis" */;
			compatibilityVersion = "Xcode 14.0";
			developmentRegion = en;
			hasScannedForEncodings = 0;
			knownRegions = (
				en,
				Base,
			);
			mainGroup = F6E2A70B29E6E26F0096673D;
			productRefGroup = F6E2A71529E6E26F0096673D /* Products */;
			projectDirPath = "";
			projectRoot = "";
			targets = (
				F6E2A71329E6E26F0096673D /* IIM2bis */,
				F6E2A72429E6E2730096673D /* IIM2bisTests */,
				F6E2A72E29E6E2730096673D /* IIM2bisUITests */,
			);
		};
/* End PBXProject section */

/* Begin PBXResourcesBuildPhase section */
		F6E2A71229E6E26F0096673D /* Resources */ = {
			isa = PBXResourcesBuildPhase;
			buildActionMask = 2147483647;
			files = (
				F6E2A72029E6E2730096673D /* Preview Assets.xcassets in Resources */,
				F6E2A71C29E6E2730096673D /* Assets.xcassets in Resources */,
			);
			runOnlyForDeploymentPostprocessing = 0;
		};
		F6E2A72329E6E2730096673D /* Resources */ = {
			isa = PBXResourcesBuildPhase;
			buildActionMask = 2147483647;
			files = (
			);
			runOnlyForDeploymentPostprocessing = 0;
		};
		F6E2A72D29E6E2730096673D /* Resources */ = {
			isa = PBXResourcesBuildPhase;
			buildActionMask = 2147483647;
			files = (
			);
			runOnlyForDeploymentPostprocessing = 0;
		};
/* End PBXResourcesBuildPhase section */

/* Begin PBXSourcesBuildPhase section */
		F6E2A71029E6E26F0096673D /* Sources */ = {
			isa = PBXSourcesBuildPhase;
			buildActionMask = 2147483647;
			files = (
				F6E2A71A29E6E26F0096673D /* ContentView.swift in Sources */,
				F6E2A71829E6E26F0096673D /* IIM2bisApp.swift in Sources */,
			);
			runOnlyForDeploymentPostprocessing = 0;
		};
		F6E2A72129E6E2730096673D /* Sources */ = {
			isa = PBXSourcesBuildPhase;
			buildActionMask = 2147483647;
			files = (
				F6E2A72A29E6E2730096673D /* IIM2bisTests.swift in Sources */,
			);
			runOnlyForDeploymentPostprocessing = 0;
		};
		F6E2A72B29E6E2730096673D /* Sources */ = {
			isa = PBXSourcesBuildPhase;
			buildActionMask = 2147483647;
			files = (
				F6E2A73629E6E2740096673D /* IIM2bisUITestsLaunchTests.swift in Sources */,
				F6E2A73429E6E2740096673D /* IIM2bisUITests.swift in Sources */,
			);
			runOnlyForDeploymentPostprocessing = 0;
		};
/* End PBXSourcesBuildPhase section */

/* Begin PBXTargetDependency section */
		F6E2A72729E6E2730096673D /* PBXTargetDependency */ = {
			isa = PBXTargetDependency;
			target = F6E2A71329E6E26F0096673D /* IIM2bis */;
			targetProxy = F6E2A72629E6E2730096673D /* PBXContainerItemProxy */;
		};
		F6E2A73129E6E2740096673D /* PBXTargetDependency */ = {
			isa = PBXTargetDependency;
			target = F6E2A71329E6E26F0096673D /* IIM2bis */;
			targetProxy = F6E2A73029E6E2740096673D /* PBXContainerItemProxy */;
		};
/* End PBXTargetDependency section */

/* Begin XCBuildConfiguration section */
		F6E2A73729E6E2740096673D /* Debug */ = {
			isa = XCBuildConfiguration;
			buildSettings = {
				ALWAYS_SEARCH_USER_PATHS = NO;
				CLANG_ANALYZER_NONNULL = YES;
				CLANG_ANALYZER_NUMBER_OBJECT_CONVERSION = YES_AGGRESSIVE;
				CLANG_CXX_LANGUAGE_STANDARD = "gnu++20";
				CLANG_ENABLE_MODULES = YES;
				CLANG_ENABLE_OBJC_ARC = YES;
				CLANG_ENABLE_OBJC_WEAK = YES;
				CLANG_WARN_BLOCK_CAPTURE_AUTORELEASING = YES;
				CLANG_WARN_BOOL_CONVERSION = YES;
				CLANG_WARN_COMMA = YES;
				CLANG_WARN_CONSTANT_CONVERSION = YES;
				CLANG_WARN_DEPRECATED_OBJC_IMPLEMENTATIONS = YES;
				CLANG_WARN_DIRECT_OBJC_ISA_USAGE = YES_ERROR;
				CLANG_WARN_DOCUMENTATION_COMMENTS = YES;
				CLANG_WARN_EMPTY_BODY = YES;
				CLANG_WARN_ENUM_CONVERSION = YES;
				CLANG_WARN_INFINITE_RECURSION = YES;
				CLANG_WARN_INT_CONVERSION = YES;
				CLANG_WARN_NON_LITERAL_NULL_CONVERSION = YES;
				CLANG_WARN_OBJC_IMPLICIT_RETAIN_SELF = YES;
				CLANG_WARN_OBJC_LITERAL_CONVERSION = YES;
				CLANG_WARN_OBJC_ROOT_CLASS = YES_ERROR;
				CLANG_WARN_QUOTED_INCLUDE_IN_FRAMEWORK_HEADER = YES;
				CLANG_WARN_RANGE_LOOP_ANALYSIS = YES;
				CLANG_WARN_STRICT_PROTOTYPES = YES;
				CLANG_WARN_SUSPICIOUS_MOVE = YES;
				CLANG_WARN_UNGUARDED_AVAILABILITY = YES_AGGRESSIVE;
				CLANG_WARN_UNREACHABLE_CODE = YES;
				CLANG_WARN__DUPLICATE_METHOD_MATCH = YES;
				COPY_PHASE_STRIP = NO;
				DEBUG_INFORMATION_FORMAT = dwarf;
				ENABLE_STRICT_OBJC_MSGSEND = YES;
				ENABLE_TESTABILITY = YES;
				GCC_C_LANGUAGE_STANDARD = gnu11;
				GCC_DYNAMIC_NO_PIC = NO;
				GCC_NO_COMMON_BLOCKS = YES;
				GCC_OPTIMIZATION_LEVEL = 0;
				GCC_PREPROCESSOR_DEFINITIONS = (
					"DEBUG=1",
					"$(inherited)",
				);
				GCC_WARN_64_TO_32_BIT_CONVERSION = YES;
				GCC_WARN_ABOUT_RETURN_TYPE = YES_ERROR;
				GCC_WARN_UNDECLARED_SELECTOR = YES;
				GCC_WARN_UNINITIALIZED_AUTOS = YES_AGGRESSIVE;
				GCC_WARN_UNUSED_FUNCTION = YES;
				GCC_WARN_UNUSED_VARIABLE = YES;
				MTL_ENABLE_DEBUG_INFO = INCLUDE_SOURCE;
				MTL_FAST_MATH = YES;
				ONLY_ACTIVE_ARCH = YES;
				SWIFT_ACTIVE_COMPILATION_CONDITIONS = DEBUG;
				SWIFT_OPTIMIZATION_LEVEL = "-Onone";
			};
			name = Debug;
		};
		F6E2A73829E6E2740096673D /* Release */ = {
			isa = XCBuildConfiguration;
			buildSettings = {
				ALWAYS_SEARCH_USER_PATHS = NO;
				CLANG_ANALYZER_NONNULL = YES;
				CLANG_ANALYZER_NUMBER_OBJECT_CONVERSION = YES_AGGRESSIVE;
				CLANG_CXX_LANGUAGE_STANDARD = "gnu++20";
				CLANG_ENABLE_MODULES = YES;
				CLANG_ENABLE_OBJC_ARC = YES;
				CLANG_ENABLE_OBJC_WEAK = YES;
				CLANG_WARN_BLOCK_CAPTURE_AUTORELEASING = YES;
				CLANG_WARN_BOOL_CONVERSION = YES;
				CLANG_WARN_COMMA = YES;
				CLANG_WARN_CONSTANT_CONVERSION = YES;
				CLANG_WARN_DEPRECATED_OBJC_IMPLEMENTATIONS = YES;
				CLANG_WARN_DIRECT_OBJC_ISA_USAGE = YES_ERROR;
				CLANG_WARN_DOCUMENTATION_COMMENTS = YES;
				CLANG_WARN_EMPTY_BODY = YES;
				CLANG_WARN_ENUM_CONVERSION = YES;
				CLANG_WARN_INFINITE_RECURSION = YES;
				CLANG_WARN_INT_CONVERSION = YES;
				CLANG_WARN_NON_LITERAL_NULL_CONVERSION = YES;
				CLANG_WARN_OBJC_IMPLICIT_RETAIN_SELF = YES;
				CLANG_WARN_OBJC_LITERAL_CONVERSION = YES;
				CLANG_WARN_OBJC_ROOT_CLASS = YES_ERROR;
				CLANG_WARN_QUOTED_INCLUDE_IN_FRAMEWORK_HEADER = YES;
				CLANG_WARN_RANGE_LOOP_ANALYSIS = YES;
				CLANG_WARN_STRICT_PROTOTYPES = YES;
				CLANG_WARN_SUSPICIOUS_MOVE = YES;
				CLANG_WARN_UNGUARDED_AVAILABILITY = YES_AGGRESSIVE;
				CLANG_WARN_UNREACHABLE_CODE = YES;
				CLANG_WARN__DUPLICATE_METHOD_MATCH = YES;
				COPY_PHASE_STRIP = NO;
				DEBUG_INFORMATION_FORMAT = "dwarf-with-dsym";
				ENABLE_NS_ASSERTIONS = NO;
				ENABLE_STRICT_OBJC_MSGSEND = YES;
				GCC_C_LANGUAGE_STANDARD = gnu11;
				GCC_NO_COMMON_BLOCKS = YES;
				GCC_WARN_64_TO_32_BIT_CONVERSION = YES;
				GCC_WARN_ABOUT_RETURN_TYPE = YES_ERROR;
				GCC_WARN_UNDECLARED_SELECTOR = YES;
				GCC_WARN_UNINITIALIZED_AUTOS = YES_AGGRESSIVE;
				GCC_WARN_UNUSED_FUNCTION = YES;
				GCC_WARN_UNUSED_VARIABLE = YES;
				MTL_ENABLE_DEBUG_INFO = NO;
				MTL_FAST_MATH = YES;
				SWIFT_COMPILATION_MODE = wholemodule;
				SWIFT_OPTIMIZATION_LEVEL = "-O";
			};
			name = Release;
		};
		F6E2A73A29E6E2740096673D /* Debug */ = {
			isa = XCBuildConfiguration;
			buildSettings = {
				ASSETCATALOG_COMPILER_APPICON_NAME = AppIcon;
				ASSETCATALOG_COMPILER_GLOBAL_ACCENT_COLOR_NAME = AccentColor;
				CODE_SIGN_ENTITLEMENTS = IIM2bis/IIM2bis.entitlements;
				CODE_SIGN_STYLE = Automatic;
				CURRENT_PROJECT_VERSION = 1;
				DEVELOPMENT_ASSET_PATHS = "\"IIM2bis/Preview Content\"";
				DEVELOPMENT_TEAM = AYQKWKQJL2;
				ENABLE_HARDENED_RUNTIME = YES;
				ENABLE_PREVIEWS = YES;
				GENERATE_INFOPLIST_FILE = YES;
				"INFOPLIST_KEY_UIApplicationSceneManifest_Generation[sdk=iphoneos*]" = YES;
				"INFOPLIST_KEY_UIApplicationSceneManifest_Generation[sdk=iphonesimulator*]" = YES;
				"INFOPLIST_KEY_UIApplicationSupportsIndirectInputEvents[sdk=iphoneos*]" = YES;
				"INFOPLIST_KEY_UIApplicationSupportsIndirectInputEvents[sdk=iphonesimulator*]" = YES;
				"INFOPLIST_KEY_UILaunchScreen_Generation[sdk=iphoneos*]" = YES;
				"INFOPLIST_KEY_UILaunchScreen_Generation[sdk=iphonesimulator*]" = YES;
				"INFOPLIST_KEY_UIStatusBarStyle[sdk=iphoneos*]" = UIStatusBarStyleDefault;
				"INFOPLIST_KEY_UIStatusBarStyle[sdk=iphonesimulator*]" = UIStatusBarStyleDefault;
				INFOPLIST_KEY_UISupportedInterfaceOrientations_iPad = "UIInterfaceOrientationPortrait UIInterfaceOrientationPortraitUpsideDown UIInterfaceOrientationLandscapeLeft UIInterfaceOrientationLandscapeRight";
				INFOPLIST_KEY_UISupportedInterfaceOrientations_iPhone = "UIInterfaceOrientationPortrait UIInterfaceOrientationLandscapeLeft UIInterfaceOrientationLandscapeRight";
				IPHONEOS_DEPLOYMENT_TARGET = 16.2;
				LD_RUNPATH_SEARCH_PATHS = "@executable_path/Frameworks";
				"LD_RUNPATH_SEARCH_PATHS[sdk=macosx*]" = "@executable_path/../Frameworks";
				MACOSX_DEPLOYMENT_TARGET = 12.6;
				MARKETING_VERSION = 1.0;
				PRODUCT_BUNDLE_IDENTIFIER = com.lightphoenix.IIM2bis;
				PRODUCT_NAME = "$(TARGET_NAME)";
				SDKROOT = auto;
				SUPPORTED_PLATFORMS = "iphoneos iphonesimulator macosx";
				SWIFT_EMIT_LOC_STRINGS = YES;
				SWIFT_VERSION = 5.0;
				TARGETED_DEVICE_FAMILY = "1,2";
			};
			name = Debug;
		};
		F6E2A73B29E6E2740096673D /* Release */ = {
			isa = XCBuildConfiguration;
			buildSettings = {
				ASSETCATALOG_COMPILER_APPICON_NAME = AppIcon;
				ASSETCATALOG_COMPILER_GLOBAL_ACCENT_COLOR_NAME = AccentColor;
				CODE_SIGN_ENTITLEMENTS = IIM2bis/IIM2bis.entitlements;
				CODE_SIGN_STYLE = Automatic;
				CURRENT_PROJECT_VERSION = 1;
				DEVELOPMENT_ASSET_PATHS = "\"IIM2bis/Preview Content\"";
				DEVELOPMENT_TEAM = AYQKWKQJL2;
				ENABLE_HARDENED_RUNTIME = YES;
				ENABLE_PREVIEWS = YES;
				GENERATE_INFOPLIST_FILE = YES;
				"INFOPLIST_KEY_UIApplicationSceneManifest_Generation[sdk=iphoneos*]" = YES;
				"INFOPLIST_KEY_UIApplicationSceneManifest_Generation[sdk=iphonesimulator*]" = YES;
				"INFOPLIST_KEY_UIApplicationSupportsIndirectInputEvents[sdk=iphoneos*]" = YES;
				"INFOPLIST_KEY_UIApplicationSupportsIndirectInputEvents[sdk=iphonesimulator*]" = YES;
				"INFOPLIST_KEY_UILaunchScreen_Generation[sdk=iphoneos*]" = YES;
				"INFOPLIST_KEY_UILaunchScreen_Generation[sdk=iphonesimulator*]" = YES;
				"INFOPLIST_KEY_UIStatusBarStyle[sdk=iphoneos*]" = UIStatusBarStyleDefault;
				"INFOPLIST_KEY_UIStatusBarStyle[sdk=iphonesimulator*]" = UIStatusBarStyleDefault;
				INFOPLIST_KEY_UISupportedInterfaceOrientations_iPad = "UIInterfaceOrientationPortrait UIInterfaceOrientationPortraitUpsideDown UIInterfaceOrientationLandscapeLeft UIInterfaceOrientationLandscapeRight";
				INFOPLIST_KEY_UISupportedInterfaceOrientations_iPhone = "UIInterfaceOrientationPortrait UIInterfaceOrientationLandscapeLeft UIInterfaceOrientationLandscapeRight";
				IPHONEOS_DEPLOYMENT_TARGET = 16.2;
				LD_RUNPATH_SEARCH_PATHS = "@executable_path/Frameworks";
				"LD_RUNPATH_SEARCH_PATHS[sdk=macosx*]" = "@executable_path/../Frameworks";
				MACOSX_DEPLOYMENT_TARGET = 12.6;
				MARKETING_VERSION = 1.0;
				PRODUCT_BUNDLE_IDENTIFIER = com.lightphoenix.IIM2bis;
				PRODUCT_NAME = "$(TARGET_NAME)";
				SDKROOT = auto;
				SUPPORTED_PLATFORMS = "iphoneos iphonesimulator macosx";
				SWIFT_EMIT_LOC_STRINGS = YES;
				SWIFT_VERSION = 5.0;
				TARGETED_DEVICE_FAMILY = "1,2";
			};
			name = Release;
		};
		F6E2A73D29E6E2740096673D /* Debug */ = {
			isa = XCBuildConfiguration;
			buildSettings = {
				ALWAYS_EMBED_SWIFT_STANDARD_LIBRARIES = YES;
				BUNDLE_LOADER = "$(TEST_HOST)";
				CODE_SIGN_STYLE = Automatic;
				CURRENT_PROJECT_VERSION = 1;
				DEVELOPMENT_TEAM = AYQKWKQJL2;
				GENERATE_INFOPLIST_FILE = YES;
				IPHONEOS_DEPLOYMENT_TARGET = 16.2;
				MACOSX_DEPLOYMENT_TARGET = 12.6;
				MARKETING_VERSION = 1.0;
				PRODUCT_BUNDLE_IDENTIFIER = com.lightphoenix.IIM2bisTests;
				PRODUCT_NAME = "$(TARGET_NAME)";
				SDKROOT = auto;
				SUPPORTED_PLATFORMS = "iphoneos iphonesimulator macosx";
				SWIFT_EMIT_LOC_STRINGS = NO;
				SWIFT_VERSION = 5.0;
				TARGETED_DEVICE_FAMILY = "1,2";
				TEST_HOST = "$(BUILT_PRODUCTS_DIR)/IIM2bis.app/$(BUNDLE_EXECUTABLE_FOLDER_PATH)/IIM2bis";
			};
			name = Debug;
		};
		F6E2A73E29E6E2740096673D /* Release */ = {
			isa = XCBuildConfiguration;
			buildSettings = {
				ALWAYS_EMBED_SWIFT_STANDARD_LIBRARIES = YES;
				BUNDLE_LOADER = "$(TEST_HOST)";
				CODE_SIGN_STYLE = Automatic;
				CURRENT_PROJECT_VERSION = 1;
				DEVELOPMENT_TEAM = AYQKWKQJL2;
				GENERATE_INFOPLIST_FILE = YES;
				IPHONEOS_DEPLOYMENT_TARGET = 16.2;
				MACOSX_DEPLOYMENT_TARGET = 12.6;
				MARKETING_VERSION = 1.0;
				PRODUCT_BUNDLE_IDENTIFIER = com.lightphoenix.IIM2bisTests;
				PRODUCT_NAME = "$(TARGET_NAME)";
				SDKROOT = auto;
				SUPPORTED_PLATFORMS = "iphoneos iphonesimulator macosx";
				SWIFT_EMIT_LOC_STRINGS = NO;
				SWIFT_VERSION = 5.0;
				TARGETED_DEVICE_FAMILY = "1,2";
				TEST_HOST = "$(BUILT_PRODUCTS_DIR)/IIM2bis.app/$(BUNDLE_EXECUTABLE_FOLDER_PATH)/IIM2bis";
			};
			name = Release;
		};
		F6E2A74029E6E2740096673D /* Debug */ = {
			isa = XCBuildConfiguration;
			buildSettings = {
				ALWAYS_EMBED_SWIFT_STANDARD_LIBRARIES = YES;
				CODE_SIGN_STYLE = Automatic;
				CURRENT_PROJECT_VERSION = 1;
				DEVELOPMENT_TEAM = AYQKWKQJL2;
				GENERATE_INFOPLIST_FILE = YES;
				IPHONEOS_DEPLOYMENT_TARGET = 16.2;
				MACOSX_DEPLOYMENT_TARGET = 12.6;
				MARKETING_VERSION = 1.0;
				PRODUCT_BUNDLE_IDENTIFIER = com.lightphoenix.IIM2bisUITests;
				PRODUCT_NAME = "$(TARGET_NAME)";
				SDKROOT = auto;
				SUPPORTED_PLATFORMS = "iphoneos iphonesimulator macosx";
				SWIFT_EMIT_LOC_STRINGS = NO;
				SWIFT_VERSION = 5.0;
				TARGETED_DEVICE_FAMILY = "1,2";
				TEST_TARGET_NAME = IIM2bis;
			};
			name = Debug;
		};
		F6E2A74129E6E2740096673D /* Release */ = {
			isa = XCBuildConfiguration;
			buildSettings = {
				ALWAYS_EMBED_SWIFT_STANDARD_LIBRARIES = YES;
				CODE_SIGN_STYLE = Automatic;
				CURRENT_PROJECT_VERSION = 1;
				DEVELOPMENT_TEAM = AYQKWKQJL2;
				GENERATE_INFOPLIST_FILE = YES;
				IPHONEOS_DEPLOYMENT_TARGET = 16.2;
				MACOSX_DEPLOYMENT_TARGET = 12.6;
				MARKETING_VERSION = 1.0;
				PRODUCT_BUNDLE_IDENTIFIER = com.lightphoenix.IIM2bisUITests;
				PRODUCT_NAME = "$(TARGET_NAME)";
				SDKROOT = auto;
				SUPPORTED_PLATFORMS = "iphoneos iphonesimulator macosx";
				SWIFT_EMIT_LOC_STRINGS = NO;
				SWIFT_VERSION = 5.0;
				TARGETED_DEVICE_FAMILY = "1,2";
				TEST_TARGET_NAME = IIM2bis;
			};
			name = Release;
		};
/* End XCBuildConfiguration section */

/* Begin XCConfigurationList section */
		F6E2A70F29E6E26F0096673D /* Build configuration list for PBXProject "IIM2bis" */ = {
			isa = XCConfigurationList;
			buildConfigurations = (
				F6E2A73729E6E2740096673D /* Debug */,
				F6E2A73829E6E2740096673D /* Release */,
			);
			defaultConfigurationIsVisible = 0;
			defaultConfigurationName = Release;
		};
		F6E2A73929E6E2740096673D /* Build configuration list for PBXNativeTarget "IIM2bis" */ = {
			isa = XCConfigurationList;
			buildConfigurations = (
				F6E2A73A29E6E2740096673D /* Debug */,
				F6E2A73B29E6E2740096673D /* Release */,
			);
			defaultConfigurationIsVisible = 0;
			defaultConfigurationName = Release;
		};
		F6E2A73C29E6E2740096673D /* Build configuration list for PBXNativeTarget "IIM2bisTests" */ = {
			isa = XCConfigurationList;
			buildConfigurations = (
				F6E2A73D29E6E2740096673D /* Debug */,
				F6E2A73E29E6E2740096673D /* Release */,
			);
			defaultConfigurationIsVisible = 0;
			defaultConfigurationName = Release;
		};
		F6E2A73F29E6E2740096673D /* Build configuration list for PBXNativeTarget "IIM2bisUITests" */ = {
			isa = XCConfigurationList;
			buildConfigurations = (
				F6E2A74029E6E2740096673D /* Debug */,
				F6E2A74129E6E2740096673D /* Release */,
			);
			defaultConfigurationIsVisible = 0;
			defaultConfigurationName = Release;
		};
/* End XCConfigurationList section */
	};
	rootObject = F6E2A70C29E6E26F0096673D /* Project object */;
}
